
Microsoft Visual Studio Solution File, Format Version 12.00
# Visual Studio Version 17
VisualStudioVersion = 17.3.32825.248
MinimumVisualStudioVersion = 10.0.40219.1
Project("{FAE04EC0-301F-11D3-BF4B-00C04F79EFBC}") = "Clase_5_Ejercicio_2", "Clase_5_Ejercicio_2\Clase_5_Ejercicio_2.csproj", "{607E3F20-98E4-48A1-BAC9-1DCA4857F129}"
EndProject
Global
	GlobalSection(SolutionConfigurationPlatforms) = preSolution
		Debug|Any CPU = Debug|Any CPU
		Release|Any CPU = Release|Any CPU
	EndGlobalSection
	GlobalSection(ProjectConfigurationPlatforms) = postSolution
		{607E3F20-98E4-48A1-BAC9-1DCA4857F129}.Debug|Any CPU.ActiveCfg = Debug|Any CPU
		{607E3F20-98E4-48A1-BAC9-1DCA4857F129}.Debug|Any CPU.Build.0 = Debug|Any CPU
		{607E3F20-98E4-48A1-BAC9-1DCA4857F129}.Release|Any CPU.ActiveCfg = Release|Any CPU
		{607E3F20-98E4-48A1-BAC9-1DCA4857F129}.Release|Any CPU.Build.0 = Release|Any CPU
	EndGlobalSection
	GlobalSection(SolutionProperties) = preSolution
		HideSolutionNode = FALSE
	EndGlobalSection
	GlobalSection(ExtensibilityGlobals) = postSolution
		SolutionGuid = {3A49BF89-C7E9-4524-893D-ACDFCCBF01DA}
	EndGlobalSection
EndGlobal
