
Microsoft Visual Studio Solution File, Format Version 12.00
# Visual Studio Version 17
VisualStudioVersion = 17.3.32825.248
MinimumVisualStudioVersion = 10.0.40219.1
Project("{FAE04EC0-301F-11D3-BF4B-00C04F79EFBC}") = "Clase8_ejercicio6", "Clase8_ejercicio6\Clase8_ejercicio6.csproj", "{6F4B97EF-F449-4F2E-A997-26B36226DC67}"
EndProject
Global
	GlobalSection(SolutionConfigurationPlatforms) = preSolution
		Debug|Any CPU = Debug|Any CPU
		Release|Any CPU = Release|Any CPU
	EndGlobalSection
	GlobalSection(ProjectConfigurationPlatforms) = postSolution
		{6F4B97EF-F449-4F2E-A997-26B36226DC67}.Debug|Any CPU.ActiveCfg = Debug|Any CPU
		{6F4B97EF-F449-4F2E-A997-26B36226DC67}.Debug|Any CPU.Build.0 = Debug|Any CPU
		{6F4B97EF-F449-4F2E-A997-26B36226DC67}.Release|Any CPU.ActiveCfg = Release|Any CPU
		{6F4B97EF-F449-4F2E-A997-26B36226DC67}.Release|Any CPU.Build.0 = Release|Any CPU
	EndGlobalSection
	GlobalSection(SolutionProperties) = preSolution
		HideSolutionNode = FALSE
	EndGlobalSection
	GlobalSection(ExtensibilityGlobals) = postSolution
		SolutionGuid = {042229B9-CEEA-492B-A5A0-A213655DD61C}
	EndGlobalSection
EndGlobal
