
Microsoft Visual Studio Solution File, Format Version 12.00
# Visual Studio Version 17
VisualStudioVersion = 17.3.32825.248
MinimumVisualStudioVersion = 10.0.40219.1
Project("{FAE04EC0-301F-11D3-BF4B-00C04F79EFBC}") = "Clase9_ejercicio6", "Clase9_ejercicio6\Clase9_ejercicio6.csproj", "{07624D57-12A8-4987-B3C8-D1FEB1CA64AB}"
EndProject
Global
	GlobalSection(SolutionConfigurationPlatforms) = preSolution
		Debug|Any CPU = Debug|Any CPU
		Release|Any CPU = Release|Any CPU
	EndGlobalSection
	GlobalSection(ProjectConfigurationPlatforms) = postSolution
		{07624D57-12A8-4987-B3C8-D1FEB1CA64AB}.Debug|Any CPU.ActiveCfg = Debug|Any CPU
		{07624D57-12A8-4987-B3C8-D1FEB1CA64AB}.Debug|Any CPU.Build.0 = Debug|Any CPU
		{07624D57-12A8-4987-B3C8-D1FEB1CA64AB}.Release|Any CPU.ActiveCfg = Release|Any CPU
		{07624D57-12A8-4987-B3C8-D1FEB1CA64AB}.Release|Any CPU.Build.0 = Release|Any CPU
	EndGlobalSection
	GlobalSection(SolutionProperties) = preSolution
		HideSolutionNode = FALSE
	EndGlobalSection
	GlobalSection(ExtensibilityGlobals) = postSolution
		SolutionGuid = {1261105B-989E-4F16-AFCD-AF0E68BE59F8}
	EndGlobalSection
EndGlobal
