
Microsoft Visual Studio Solution File, Format Version 12.00
# Visual Studio Version 17
VisualStudioVersion = 17.3.32825.248
MinimumVisualStudioVersion = 10.0.40219.1
Project("{FAE04EC0-301F-11D3-BF4B-00C04F79EFBC}") = "Clase10_ejercicio2", "Clase10_ejercicio2\Clase10_ejercicio2.csproj", "{C0230575-A772-486D-8A79-08990FD5BFB5}"
EndProject
Global
	GlobalSection(SolutionConfigurationPlatforms) = preSolution
		Debug|Any CPU = Debug|Any CPU
		Release|Any CPU = Release|Any CPU
	EndGlobalSection
	GlobalSection(ProjectConfigurationPlatforms) = postSolution
		{C0230575-A772-486D-8A79-08990FD5BFB5}.Debug|Any CPU.ActiveCfg = Debug|Any CPU
		{C0230575-A772-486D-8A79-08990FD5BFB5}.Debug|Any CPU.Build.0 = Debug|Any CPU
		{C0230575-A772-486D-8A79-08990FD5BFB5}.Release|Any CPU.ActiveCfg = Release|Any CPU
		{C0230575-A772-486D-8A79-08990FD5BFB5}.Release|Any CPU.Build.0 = Release|Any CPU
	EndGlobalSection
	GlobalSection(SolutionProperties) = preSolution
		HideSolutionNode = FALSE
	EndGlobalSection
	GlobalSection(ExtensibilityGlobals) = postSolution
		SolutionGuid = {1B0D02C4-0439-465D-AC9A-6B363E519F32}
	EndGlobalSection
EndGlobal
