
Microsoft Visual Studio Solution File, Format Version 12.00
# Visual Studio Version 17
VisualStudioVersion = 17.3.32825.248
MinimumVisualStudioVersion = 10.0.40219.1
Project("{FAE04EC0-301F-11D3-BF4B-00C04F79EFBC}") = "Clase_6_Ejecicio_Ejemplo_2", "Clase_6_Ejecicio_Ejemplo_2\Clase_6_Ejecicio_Ejemplo_2.csproj", "{718496E9-5ACE-4010-9FFB-7D3B6874C2AD}"
EndProject
Global
	GlobalSection(SolutionConfigurationPlatforms) = preSolution
		Debug|Any CPU = Debug|Any CPU
		Release|Any CPU = Release|Any CPU
	EndGlobalSection
	GlobalSection(ProjectConfigurationPlatforms) = postSolution
		{718496E9-5ACE-4010-9FFB-7D3B6874C2AD}.Debug|Any CPU.ActiveCfg = Debug|Any CPU
		{718496E9-5ACE-4010-9FFB-7D3B6874C2AD}.Debug|Any CPU.Build.0 = Debug|Any CPU
		{718496E9-5ACE-4010-9FFB-7D3B6874C2AD}.Release|Any CPU.ActiveCfg = Release|Any CPU
		{718496E9-5ACE-4010-9FFB-7D3B6874C2AD}.Release|Any CPU.Build.0 = Release|Any CPU
	EndGlobalSection
	GlobalSection(SolutionProperties) = preSolution
		HideSolutionNode = FALSE
	EndGlobalSection
	GlobalSection(ExtensibilityGlobals) = postSolution
		SolutionGuid = {B7412085-D1F5-4711-BED0-010BC2F751DF}
	EndGlobalSection
EndGlobal
