
Microsoft Visual Studio Solution File, Format Version 12.00
# Visual Studio Version 17
VisualStudioVersion = 17.3.32825.248
MinimumVisualStudioVersion = 10.0.40219.1
Project("{FAE04EC0-301F-11D3-BF4B-00C04F79EFBC}") = "Clase8_Ejercicio5", "Clase8_Ejercicio5\Clase8_Ejercicio5.csproj", "{D5CD0D48-AC84-4250-BFF8-322AD0C5C8AD}"
EndProject
Global
	GlobalSection(SolutionConfigurationPlatforms) = preSolution
		Debug|Any CPU = Debug|Any CPU
		Release|Any CPU = Release|Any CPU
	EndGlobalSection
	GlobalSection(ProjectConfigurationPlatforms) = postSolution
		{D5CD0D48-AC84-4250-BFF8-322AD0C5C8AD}.Debug|Any CPU.ActiveCfg = Debug|Any CPU
		{D5CD0D48-AC84-4250-BFF8-322AD0C5C8AD}.Debug|Any CPU.Build.0 = Debug|Any CPU
		{D5CD0D48-AC84-4250-BFF8-322AD0C5C8AD}.Release|Any CPU.ActiveCfg = Release|Any CPU
		{D5CD0D48-AC84-4250-BFF8-322AD0C5C8AD}.Release|Any CPU.Build.0 = Release|Any CPU
	EndGlobalSection
	GlobalSection(SolutionProperties) = preSolution
		HideSolutionNode = FALSE
	EndGlobalSection
	GlobalSection(ExtensibilityGlobals) = postSolution
		SolutionGuid = {98EC8434-94BB-41DB-A296-5A82C201328D}
	EndGlobalSection
EndGlobal
