
Microsoft Visual Studio Solution File, Format Version 12.00
# Visual Studio Version 17
VisualStudioVersion = 17.3.32825.248
MinimumVisualStudioVersion = 10.0.40219.1
Project("{FAE04EC0-301F-11D3-BF4B-00C04F79EFBC}") = "Clase9_Ejercicio3", "Clase9_Ejercicio3\Clase9_Ejercicio3.csproj", "{B92E1686-F223-4EC0-ADB5-71B857016336}"
EndProject
Global
	GlobalSection(SolutionConfigurationPlatforms) = preSolution
		Debug|Any CPU = Debug|Any CPU
		Release|Any CPU = Release|Any CPU
	EndGlobalSection
	GlobalSection(ProjectConfigurationPlatforms) = postSolution
		{B92E1686-F223-4EC0-ADB5-71B857016336}.Debug|Any CPU.ActiveCfg = Debug|Any CPU
		{B92E1686-F223-4EC0-ADB5-71B857016336}.Debug|Any CPU.Build.0 = Debug|Any CPU
		{B92E1686-F223-4EC0-ADB5-71B857016336}.Release|Any CPU.ActiveCfg = Release|Any CPU
		{B92E1686-F223-4EC0-ADB5-71B857016336}.Release|Any CPU.Build.0 = Release|Any CPU
	EndGlobalSection
	GlobalSection(SolutionProperties) = preSolution
		HideSolutionNode = FALSE
	EndGlobalSection
	GlobalSection(ExtensibilityGlobals) = postSolution
		SolutionGuid = {543314A6-0A8A-4BC1-A122-0A84E3B36F3A}
	EndGlobalSection
EndGlobal
